{
  "requires": true,
  "lockfileVersion": 1,
  "dependencies": {
    "react-hook-form": {
      "version": "5.1.3",
      "resolved": "https://registry.npmjs.org/react-hook-form/-/react-hook-form-5.1.3.tgz",
      "integrity": "sha512-6+6wSge72A2Y7WGqMke4afOz0uDJ3gOPSysmYKkjJszSbmw8X8at7tJPzifnZ+cwLDR88b4on/D+jfH5azWbIw=="
    }
  }
}
