{
  "requires": true,
  "lockfileVersion": 1,
  "dependencies": {
    "react-hook-form": {
      "version": "5.3.1",
      "resolved": "https://registry.npmjs.org/react-hook-form/-/react-hook-form-5.3.1.tgz",
      "integrity": "sha512-n73nVyBaTBL4r2//6ZWi5x41ZYsKRtrqbNf40KILv4XrNO/DQbzFRdr/s53Ua+M0y76TKS3xmOEnk6hWhVTR/w=="
    }
  }
}
